{
  "version": 4,
  "terraform_version": "1.9.8",
  "serial": 7,
  "lineage": "43c03b5b-8773-5041-991b-c09ab804c01d",
  "outputs": {},
  "resources": [
    {
      "module": "module.appserviceplan",
      "mode": "managed",
      "type": "azurerm_service_plan",
      "name": "app_service_plan",
      "provider": "provider[\"registry.terraform.io/hashicorp/azurerm\"]",
      "instances": [
        {
          "schema_version": 1,
          "attributes": {
            "app_service_environment_id": "",
            "id": "/subscriptions/2a070856-1d88-40c1-adf0-4c21d5573493/resourceGroups/testrg/providers/Microsoft.Web/serverFarms/sandeepsf94gskASP",
            "kind": "linux",
            "location": "eastus2",
            "maximum_elastic_worker_count": 1,
            "name": "sandeepsf94gskASP",
            "os_type": "Linux",
            "per_site_scaling_enabled": false,
            "reserved": true,
            "resource_group_name": "testrg",
            "sku_name": "B3",
            "tags": {
              "deployed_by": "sandeep"
            },
            "timeouts": null,
            "worker_count": 1,
            "zone_balancing_enabled": false
          },
          "sensitive_attributes": [],
          "private": "eyJlMmJmYjczMC1lY2FhLTExZTYtOGY4OC0zNDM2M2JjN2M0YzAiOnsiY3JlYXRlIjozNjAwMDAwMDAwMDAwLCJkZWxldGUiOjM2MDAwMDAwMDAwMDAsInJlYWQiOjMwMDAwMDAwMDAwMCwidXBkYXRlIjozNjAwMDAwMDAwMDAwfSwic2NoZW1hX3ZlcnNpb24iOiIxIn0=",
          "dependencies": [
            "module.resourcegroup.azurerm_resource_group.resource_group"
          ]
        }
      ]
    },
    {
      "module": "module.linuxwebapp",
      "mode": "managed",
      "type": "azurerm_linux_web_app",
      "name": "linux_web_app",
      "provider": "provider[\"registry.terraform.io/hashicorp/azurerm\"]",
      "instances": [
        {
          "schema_version": 1,
          "attributes": {
            "app_settings": {
              "SCM_DO_BUILD_DURING_DEPLOYMENT": "true"
            },
            "auth_settings": [],
            "auth_settings_v2": [],
            "backup": [],
            "client_affinity_enabled": false,
            "client_certificate_enabled": false,
            "client_certificate_exclusion_paths": "",
            "client_certificate_mode": "Required",
            "connection_string": [],
            "custom_domain_verification_id": "39DA3AF681D5B53CB3B21D00145F94F093B20594A42E9F8E4D4C9F23BC7A2653",
            "default_hostname": "sandeeptestwebappgsk.azurewebsites.net",
            "enabled": true,
            "ftp_publish_basic_authentication_enabled": true,
            "hosting_environment_id": "",
            "https_only": false,
            "id": "/subscriptions/2a070856-1d88-40c1-adf0-4c21d5573493/resourceGroups/testrg/providers/Microsoft.Web/sites/sandeeptestwebappgsk",
            "identity": [],
            "key_vault_reference_identity_id": "SystemAssigned",
            "kind": "app,linux",
            "location": "eastus2",
            "logs": [],
            "name": "sandeeptestwebappgsk",
            "outbound_ip_address_list": [
              "20.80.215.86",
              "20.80.215.137",
              "20.80.215.174",
              "20.80.215.189",
              "20.80.215.235",
              "20.85.96.34",
              "20.80.209.20",
              "20.80.209.139",
              "20.80.210.253",
              "20.80.211.142",
              "20.80.211.150",
              "20.80.212.54",
              "20.119.136.17"
            ],
            "outbound_ip_addresses": "20.80.215.86,20.80.215.137,20.80.215.174,20.80.215.189,20.80.215.235,20.85.96.34,20.80.209.20,20.80.209.139,20.80.210.253,20.80.211.142,20.80.211.150,20.80.212.54,20.119.136.17",
            "possible_outbound_ip_address_list": [
              "20.80.215.86",
              "20.80.215.137",
              "20.80.215.174",
              "20.80.215.189",
              "20.80.215.235",
              "20.85.96.34",
              "20.80.209.20",
              "20.80.209.139",
              "20.80.210.253",
              "20.80.211.142",
              "20.80.211.150",
              "20.80.212.54",
              "20.80.213.56",
              "20.80.213.158",
              "20.80.213.167",
              "20.80.213.238",
              "20.80.214.100",
              "20.80.214.152",
              "20.80.214.163",
              "20.80.214.183",
              "20.80.208.58",
              "20.80.215.30",
              "20.80.215.41",
              "20.80.215.73",
              "20.80.215.86",
              "20.80.215.137",
              "20.80.215.174",
              "20.80.215.189",
              "20.80.215.235",
              "20.85.96.34",
              "20.85.97.8",
              "20.85.97.15",
              "20.85.97.31",
              "20.85.98.40",
              "20.85.98.55",
              "20.85.98.61",
              "20.119.136.17"
            ],
            "possible_outbound_ip_addresses": "20.80.215.86,20.80.215.137,20.80.215.174,20.80.215.189,20.80.215.235,20.85.96.34,20.80.209.20,20.80.209.139,20.80.210.253,20.80.211.142,20.80.211.150,20.80.212.54,20.80.213.56,20.80.213.158,20.80.213.167,20.80.213.238,20.80.214.100,20.80.214.152,20.80.214.163,20.80.214.183,20.80.208.58,20.80.215.30,20.80.215.41,20.80.215.73,20.80.215.86,20.80.215.137,20.80.215.174,20.80.215.189,20.80.215.235,20.85.96.34,20.85.97.8,20.85.97.15,20.85.97.31,20.85.98.40,20.85.98.55,20.85.98.61,20.119.136.17",
            "public_network_access_enabled": true,
            "resource_group_name": "testrg",
            "service_plan_id": "/subscriptions/2a070856-1d88-40c1-adf0-4c21d5573493/resourceGroups/testrg/providers/Microsoft.Web/serverFarms/sandeepsf94gskASP",
            "site_config": [
              {
                "always_on": true,
                "api_definition_url": "",
                "api_management_api_id": "",
                "app_command_line": "gunicorn -w 2 -k uvicorn.workers.UvicornWorker -b 0.0.0.0:8000 main:app",
                "application_stack": [
                  {
                    "docker_image_name": "",
                    "docker_registry_password": "",
                    "docker_registry_url": "",
                    "docker_registry_username": "",
                    "dotnet_version": "",
                    "go_version": "",
                    "java_server": "",
                    "java_server_version": "",
                    "java_version": "",
                    "node_version": "",
                    "php_version": "",
                    "python_version": "3.9",
                    "ruby_version": ""
                  }
                ],
                "auto_heal_setting": [],
                "container_registry_managed_identity_client_id": "",
                "container_registry_use_managed_identity": false,
                "cors": [],
                "default_documents": [
                  "Default.htm",
                  "Default.html",
                  "Default.asp",
                  "index.htm",
                  "index.html",
                  "iisstart.htm",
                  "default.aspx",
                  "index.php",
                  "hostingstart.html"
                ],
                "detailed_error_logging_enabled": false,
                "ftps_state": "FtpsOnly",
                "health_check_eviction_time_in_min": 0,
                "health_check_path": "",
                "http2_enabled": false,
                "ip_restriction": [
                  {
                    "action": "Allow",
                    "description": "",
                    "headers": [],
                    "ip_address": "10.1.0.0/16",
                    "name": "test1",
                    "priority": 300,
                    "service_tag": "",
                    "virtual_network_subnet_id": ""
                  },
                  {
                    "action": "Allow",
                    "description": "",
                    "headers": [],
                    "ip_address": "192.2.20.0/32",
                    "name": "test2",
                    "priority": 300,
                    "service_tag": "",
                    "virtual_network_subnet_id": ""
                  }
                ],
                "ip_restriction_default_action": "Allow",
                "linux_fx_version": "PYTHON|3.9",
                "load_balancing_mode": "LeastRequests",
                "local_mysql_enabled": false,
                "managed_pipeline_mode": "Integrated",
                "minimum_tls_version": "1.2",
                "remote_debugging_enabled": false,
                "remote_debugging_version": "VS2022",
                "scm_ip_restriction": [],
                "scm_ip_restriction_default_action": "Allow",
                "scm_minimum_tls_version": "1.2",
                "scm_type": "None",
                "scm_use_main_ip_restriction": false,
                "use_32_bit_worker": true,
                "vnet_route_all_enabled": false,
                "websockets_enabled": false,
                "worker_count": 1
              }
            ],
            "site_credential": [
              {
                "name": "$sandeeptestwebappgsk",
                "password": "r5jrJLmWf6DTjtulj6eaqKn7GzYyE6B6c5nw0Lc0CGinFaCJcqi8dbsgxwfQ"
              }
            ],
            "sticky_settings": [],
            "storage_account": [],
            "tags": null,
            "timeouts": null,
            "virtual_network_subnet_id": "",
            "webdeploy_publish_basic_authentication_enabled": false,
            "zip_deploy_file": "./msdocs-python-fastapi-webapp-quickstart.zip"
          },
          "sensitive_attributes": [
            [
              {
                "type": "get_attr",
                "value": "site_credential"
              }
            ],
            [
              {
                "type": "get_attr",
                "value": "site_config"
              },
              {
                "type": "index",
                "value": {
                  "value": 0,
                  "type": "number"
                }
              },
              {
                "type": "get_attr",
                "value": "application_stack"
              },
              {
                "type": "index",
                "value": {
                  "value": 0,
                  "type": "number"
                }
              },
              {
                "type": "get_attr",
                "value": "docker_registry_password"
              }
            ],
            [
              {
                "type": "get_attr",
                "value": "custom_domain_verification_id"
              }
            ]
          ],
          "private": "eyJlMmJmYjczMC1lY2FhLTExZTYtOGY4OC0zNDM2M2JjN2M0YzAiOnsiY3JlYXRlIjoxODAwMDAwMDAwMDAwLCJkZWxldGUiOjE4MDAwMDAwMDAwMDAsInJlYWQiOjMwMDAwMDAwMDAwMCwidXBkYXRlIjoxODAwMDAwMDAwMDAwfSwic2NoZW1hX3ZlcnNpb24iOiIxIn0=",
          "dependencies": [
            "module.appserviceplan.azurerm_service_plan.app_service_plan",
            "module.resourcegroup.azurerm_resource_group.resource_group"
          ]
        }
      ]
    },
    {
      "module": "module.resourcegroup",
      "mode": "managed",
      "type": "azurerm_resource_group",
      "name": "resource_group",
      "provider": "provider[\"registry.terraform.io/hashicorp/azurerm\"]",
      "instances": [
        {
          "schema_version": 0,
          "attributes": {
            "id": "/subscriptions/2a070856-1d88-40c1-adf0-4c21d5573493/resourceGroups/testrg",
            "location": "eastus2",
            "managed_by": "",
            "name": "testrg",
            "tags": {},
            "timeouts": null
          },
          "sensitive_attributes": [],
          "private": "eyJlMmJmYjczMC1lY2FhLTExZTYtOGY4OC0zNDM2M2JjN2M0YzAiOnsiY3JlYXRlIjo1NDAwMDAwMDAwMDAwLCJkZWxldGUiOjU0MDAwMDAwMDAwMDAsInJlYWQiOjMwMDAwMDAwMDAwMCwidXBkYXRlIjo1NDAwMDAwMDAwMDAwfX0="
        }
      ]
    }
  ],
  "check_results": null
}
