{
  "version": 4,
  "terraform_version": "1.9.8",
  "serial": 16,
  "lineage": "5c68a609-8e24-78c3-86c4-50151927ff6f",
  "outputs": {},
  "resources": [
    {
      "module": "module.appserviceplan",
      "mode": "managed",
      "type": "azurerm_service_plan",
      "name": "example",
      "provider": "provider[\"registry.terraform.io/hashicorp/azurerm\"]",
      "instances": [
        {
          "schema_version": 1,
          "attributes": {
            "app_service_environment_id": "",
            "id": "/subscriptions/2a070856-1d88-40c1-adf0-4c21d5573493/resourceGroups/testrg/providers/Microsoft.Web/serverFarms/sandeepsf94gskASP",
            "kind": "linux",
            "location": "eastus2",
            "maximum_elastic_worker_count": 1,
            "name": "sandeepsf94gskASP",
            "os_type": "Linux",
            "per_site_scaling_enabled": false,
            "reserved": true,
            "resource_group_name": "testrg",
            "sku_name": "B3",
            "tags": {
              "deployed_by": "sandeep"
            },
            "timeouts": null,
            "worker_count": 1,
            "zone_balancing_enabled": false
          },
          "sensitive_attributes": [],
          "private": "eyJlMmJmYjczMC1lY2FhLTExZTYtOGY4OC0zNDM2M2JjN2M0YzAiOnsiY3JlYXRlIjozNjAwMDAwMDAwMDAwLCJkZWxldGUiOjM2MDAwMDAwMDAwMDAsInJlYWQiOjMwMDAwMDAwMDAwMCwidXBkYXRlIjozNjAwMDAwMDAwMDAwfSwic2NoZW1hX3ZlcnNpb24iOiIxIn0=",
          "dependencies": [
            "module.resourcegroup.azurerm_resource_group.example"
          ]
        }
      ]
    },
    {
      "module": "module.linuxwebapp",
      "mode": "managed",
      "type": "azurerm_linux_web_app",
      "name": "example",
      "provider": "provider[\"registry.terraform.io/hashicorp/azurerm\"]",
      "instances": [
        {
          "schema_version": 1,
          "attributes": {
            "app_settings": {
              "SCM_DO_BUILD_DURING_DEPLOYMENT": "true"
            },
            "auth_settings": [],
            "auth_settings_v2": [],
            "backup": [],
            "client_affinity_enabled": false,
            "client_certificate_enabled": false,
            "client_certificate_exclusion_paths": "",
            "client_certificate_mode": "Required",
            "connection_string": [],
            "custom_domain_verification_id": "39DA3AF681D5B53CB3B21D00145F94F093B20594A42E9F8E4D4C9F23BC7A2653",
            "default_hostname": "sandeepsf94gskapp.azurewebsites.net",
            "enabled": true,
            "ftp_publish_basic_authentication_enabled": true,
            "hosting_environment_id": "",
            "https_only": false,
            "id": "/subscriptions/2a070856-1d88-40c1-adf0-4c21d5573493/resourceGroups/testrg/providers/Microsoft.Web/sites/sandeepsf94gskapp",
            "identity": [],
            "key_vault_reference_identity_id": "SystemAssigned",
            "kind": "app,linux",
            "location": "eastus2",
            "logs": [],
            "name": "sandeepsf94gskapp",
            "outbound_ip_address_list": [
              "52.177.80.192",
              "52.177.80.194",
              "52.177.81.97",
              "52.177.81.112",
              "52.177.81.121",
              "52.177.82.89",
              "52.138.109.118",
              "52.167.29.54",
              "52.167.29.58",
              "52.167.29.65",
              "52.167.29.79",
              "52.167.29.179",
              "20.119.144.18"
            ],
            "outbound_ip_addresses": "52.177.80.192,52.177.80.194,52.177.81.97,52.177.81.112,52.177.81.121,52.177.82.89,52.138.109.118,52.167.29.54,52.167.29.58,52.167.29.65,52.167.29.79,52.167.29.179,20.119.144.18",
            "possible_outbound_ip_address_list": [
              "52.177.80.192",
              "52.177.80.194",
              "52.177.81.97",
              "52.177.81.112",
              "52.177.81.121",
              "52.177.82.89",
              "52.138.109.118",
              "52.167.29.54",
              "52.167.29.58",
              "52.167.29.65",
              "52.167.29.79",
              "52.167.29.179",
              "52.167.29.200",
              "52.167.29.240",
              "52.167.30.36",
              "52.167.30.39",
              "52.167.30.40",
              "52.167.30.58",
              "52.167.30.174",
              "52.167.186.123",
              "52.167.186.138",
              "52.167.186.159",
              "52.167.186.161",
              "52.167.189.137",
              "52.177.80.192",
              "52.177.80.194",
              "52.177.81.97",
              "52.177.81.112",
              "52.177.81.121",
              "52.177.82.89",
              "52.177.84.38",
              "52.177.84.234",
              "52.177.86.178",
              "52.177.86.193",
              "52.177.160.112",
              "52.232.229.254",
              "20.119.144.18"
            ],
            "possible_outbound_ip_addresses": "52.177.80.192,52.177.80.194,52.177.81.97,52.177.81.112,52.177.81.121,52.177.82.89,52.138.109.118,52.167.29.54,52.167.29.58,52.167.29.65,52.167.29.79,52.167.29.179,52.167.29.200,52.167.29.240,52.167.30.36,52.167.30.39,52.167.30.40,52.167.30.58,52.167.30.174,52.167.186.123,52.167.186.138,52.167.186.159,52.167.186.161,52.167.189.137,52.177.80.192,52.177.80.194,52.177.81.97,52.177.81.112,52.177.81.121,52.177.82.89,52.177.84.38,52.177.84.234,52.177.86.178,52.177.86.193,52.177.160.112,52.232.229.254,20.119.144.18",
            "public_network_access_enabled": true,
            "resource_group_name": "testrg",
            "service_plan_id": "/subscriptions/2a070856-1d88-40c1-adf0-4c21d5573493/resourceGroups/testrg/providers/Microsoft.Web/serverFarms/sandeepsf94gskASP",
            "site_config": [
              {
                "always_on": true,
                "api_definition_url": "",
                "api_management_api_id": "",
                "app_command_line": "gunicorn -w 2 -k uvicorn.workers.UvicornWorker -b 0.0.0.0:8000 main:app",
                "application_stack": [
                  {
                    "docker_image_name": "",
                    "docker_registry_password": "",
                    "docker_registry_url": "",
                    "docker_registry_username": "",
                    "dotnet_version": "",
                    "go_version": "",
                    "java_server": "",
                    "java_server_version": "",
                    "java_version": "",
                    "node_version": "",
                    "php_version": "",
                    "python_version": "3.9",
                    "ruby_version": ""
                  }
                ],
                "auto_heal_setting": [],
                "container_registry_managed_identity_client_id": "",
                "container_registry_use_managed_identity": false,
                "cors": [],
                "default_documents": [
                  "Default.htm",
                  "Default.html",
                  "Default.asp",
                  "index.htm",
                  "index.html",
                  "iisstart.htm",
                  "default.aspx",
                  "index.php",
                  "hostingstart.html"
                ],
                "detailed_error_logging_enabled": false,
                "ftps_state": "FtpsOnly",
                "health_check_eviction_time_in_min": 0,
                "health_check_path": "",
                "http2_enabled": false,
                "ip_restriction": [
                  {
                    "action": "Allow",
                    "description": "",
                    "headers": [],
                    "ip_address": "10.1.0.0/16",
                    "name": "test1",
                    "priority": 300,
                    "service_tag": "",
                    "virtual_network_subnet_id": ""
                  },
                  {
                    "action": "Allow",
                    "description": "",
                    "headers": [],
                    "ip_address": "192.2.20.0/32",
                    "name": "test2",
                    "priority": 300,
                    "service_tag": "",
                    "virtual_network_subnet_id": ""
                  }
                ],
                "ip_restriction_default_action": "Allow",
                "linux_fx_version": "PYTHON|3.9",
                "load_balancing_mode": "LeastRequests",
                "local_mysql_enabled": false,
                "managed_pipeline_mode": "Integrated",
                "minimum_tls_version": "1.2",
                "remote_debugging_enabled": false,
                "remote_debugging_version": "VS2022",
                "scm_ip_restriction": [],
                "scm_ip_restriction_default_action": "Allow",
                "scm_minimum_tls_version": "1.2",
                "scm_type": "None",
                "scm_use_main_ip_restriction": false,
                "use_32_bit_worker": true,
                "vnet_route_all_enabled": false,
                "websockets_enabled": false,
                "worker_count": 1
              }
            ],
            "site_credential": [
              {
                "name": "$sandeepsf94gskapp",
                "password": "4ZSQ7JewofbanemH0YhC3KprRRhEfxW5e0TwJ3ggwrAlwZFAdcSKdWi0Rrto"
              }
            ],
            "sticky_settings": [],
            "storage_account": [],
            "tags": {},
            "timeouts": null,
            "virtual_network_subnet_id": "",
            "webdeploy_publish_basic_authentication_enabled": false,
            "zip_deploy_file": "./msdocs-python-fastapi-webapp-quickstart.zip"
          },
          "sensitive_attributes": [
            [
              {
                "type": "get_attr",
                "value": "site_credential"
              }
            ],
            [
              {
                "type": "get_attr",
                "value": "custom_domain_verification_id"
              }
            ],
            [
              {
                "type": "get_attr",
                "value": "site_config"
              },
              {
                "type": "index",
                "value": {
                  "value": 0,
                  "type": "number"
                }
              },
              {
                "type": "get_attr",
                "value": "application_stack"
              },
              {
                "type": "index",
                "value": {
                  "value": 0,
                  "type": "number"
                }
              },
              {
                "type": "get_attr",
                "value": "docker_registry_password"
              }
            ]
          ],
          "private": "eyJlMmJmYjczMC1lY2FhLTExZTYtOGY4OC0zNDM2M2JjN2M0YzAiOnsiY3JlYXRlIjoxODAwMDAwMDAwMDAwLCJkZWxldGUiOjE4MDAwMDAwMDAwMDAsInJlYWQiOjMwMDAwMDAwMDAwMCwidXBkYXRlIjoxODAwMDAwMDAwMDAwfSwic2NoZW1hX3ZlcnNpb24iOiIxIn0=",
          "dependencies": [
            "module.appserviceplan.azurerm_service_plan.example",
            "module.resourcegroup.azurerm_resource_group.example"
          ]
        }
      ]
    },
    {
      "module": "module.resourcegroup",
      "mode": "managed",
      "type": "azurerm_resource_group",
      "name": "example",
      "provider": "provider[\"registry.terraform.io/hashicorp/azurerm\"]",
      "instances": [
        {
          "schema_version": 0,
          "attributes": {
            "id": "/subscriptions/2a070856-1d88-40c1-adf0-4c21d5573493/resourceGroups/testrg",
            "location": "eastus2",
            "managed_by": "",
            "name": "testrg",
            "tags": {},
            "timeouts": null
          },
          "sensitive_attributes": [],
          "private": "eyJlMmJmYjczMC1lY2FhLTExZTYtOGY4OC0zNDM2M2JjN2M0YzAiOnsiY3JlYXRlIjo1NDAwMDAwMDAwMDAwLCJkZWxldGUiOjU0MDAwMDAwMDAwMDAsInJlYWQiOjMwMDAwMDAwMDAwMCwidXBkYXRlIjo1NDAwMDAwMDAwMDAwfX0="
        }
      ]
    }
  ],
  "check_results": null
}
